
Microsoft Visual Studio Solution File, Format Version 12.00
# Visual Studio Version 17
VisualStudioVersion = 17.6.33829.357
MinimumVisualStudioVersion = 10.0.40219.1
Project("{9A19103F-16F7-4668-BE54-9A1E7A4F7556}") = "Water.MonoGameOGL", "Water\Water.MonoGameOGL.csproj", "{6984E975-5836-4AF9-AC74-34950D8E4F5A}"
EndProject
Global
	GlobalSection(SolutionConfigurationPlatforms) = preSolution
		Debug|Any CPU = Debug|Any CPU
		Release|Any CPU = Release|Any CPU
	EndGlobalSection
	GlobalSection(ProjectConfigurationPlatforms) = postSolution
		{6984E975-5836-4AF9-AC74-34950D8E4F5A}.Debug|Any CPU.ActiveCfg = Debug|Any CPU
		{6984E975-5836-4AF9-AC74-34950D8E4F5A}.Debug|Any CPU.Build.0 = Debug|Any CPU
		{6984E975-5836-4AF9-AC74-34950D8E4F5A}.Release|Any CPU.ActiveCfg = Release|Any CPU
		{6984E975-5836-4AF9-AC74-34950D8E4F5A}.Release|Any CPU.Build.0 = Release|Any CPU
	EndGlobalSection
	GlobalSection(SolutionProperties) = preSolution
		HideSolutionNode = FALSE
	EndGlobalSection
	GlobalSection(ExtensibilityGlobals) = postSolution
		SolutionGuid = {9694B75E-A259-417A-AA60-D40AAE5D9A9D}
	EndGlobalSection
EndGlobal
